
Microsoft Visual Studio Solution File, Format Version 12.00
# Visual Studio Version 16
VisualStudioVersion = 16.0.31005.135
MinimumVisualStudioVersion = 10.0.40219.1
Project("{FAE04EC0-301F-11D3-BF4B-00C04F79EFBC}") = "ContackBook", "ContackBook\ContackBook.csproj", "{AA5FEE6F-336C-49C5-B68B-6734BF57C15D}"
EndProject
Global
	GlobalSection(SolutionConfigurationPlatforms) = preSolution
		Debug|ARM = Debug|ARM
		Debug|ARM64 = Debug|ARM64
		Debug|x64 = Debug|x64
		Debug|x86 = Debug|x86
		Release|ARM = Release|ARM
		Release|ARM64 = Release|ARM64
		Release|x64 = Release|x64
		Release|x86 = Release|x86
	EndGlobalSection
	GlobalSection(ProjectConfigurationPlatforms) = postSolution
		{AA5FEE6F-336C-49C5-B68B-6734BF57C15D}.Debug|ARM.ActiveCfg = Debug|ARM
		{AA5FEE6F-336C-49C5-B68B-6734BF57C15D}.Debug|ARM.Build.0 = Debug|ARM
		{AA5FEE6F-336C-49C5-B68B-6734BF57C15D}.Debug|ARM.Deploy.0 = Debug|ARM
		{AA5FEE6F-336C-49C5-B68B-6734BF57C15D}.Debug|ARM64.ActiveCfg = Debug|ARM64
		{AA5FEE6F-336C-49C5-B68B-6734BF57C15D}.Debug|ARM64.Build.0 = Debug|ARM64
		{AA5FEE6F-336C-49C5-B68B-6734BF57C15D}.Debug|ARM64.Deploy.0 = Debug|ARM64
		{AA5FEE6F-336C-49C5-B68B-6734BF57C15D}.Debug|x64.ActiveCfg = Debug|x64
		{AA5FEE6F-336C-49C5-B68B-6734BF57C15D}.Debug|x64.Build.0 = Debug|x64
		{AA5FEE6F-336C-49C5-B68B-6734BF57C15D}.Debug|x64.Deploy.0 = Debug|x64
		{AA5FEE6F-336C-49C5-B68B-6734BF57C15D}.Debug|x86.ActiveCfg = Debug|x86
		{AA5FEE6F-336C-49C5-B68B-6734BF57C15D}.Debug|x86.Build.0 = Debug|x86
		{AA5FEE6F-336C-49C5-B68B-6734BF57C15D}.Debug|x86.Deploy.0 = Debug|x86
		{AA5FEE6F-336C-49C5-B68B-6734BF57C15D}.Release|ARM.ActiveCfg = Release|ARM
		{AA5FEE6F-336C-49C5-B68B-6734BF57C15D}.Release|ARM.Build.0 = Release|ARM
		{AA5FEE6F-336C-49C5-B68B-6734BF57C15D}.Release|ARM.Deploy.0 = Release|ARM
		{AA5FEE6F-336C-49C5-B68B-6734BF57C15D}.Release|ARM64.ActiveCfg = Release|ARM64
		{AA5FEE6F-336C-49C5-B68B-6734BF57C15D}.Release|ARM64.Build.0 = Release|ARM64
		{AA5FEE6F-336C-49C5-B68B-6734BF57C15D}.Release|ARM64.Deploy.0 = Release|ARM64
		{AA5FEE6F-336C-49C5-B68B-6734BF57C15D}.Release|x64.ActiveCfg = Release|x64
		{AA5FEE6F-336C-49C5-B68B-6734BF57C15D}.Release|x64.Build.0 = Release|x64
		{AA5FEE6F-336C-49C5-B68B-6734BF57C15D}.Release|x64.Deploy.0 = Release|x64
		{AA5FEE6F-336C-49C5-B68B-6734BF57C15D}.Release|x86.ActiveCfg = Release|x86
		{AA5FEE6F-336C-49C5-B68B-6734BF57C15D}.Release|x86.Build.0 = Release|x86
		{AA5FEE6F-336C-49C5-B68B-6734BF57C15D}.Release|x86.Deploy.0 = Release|x86
	EndGlobalSection
	GlobalSection(SolutionProperties) = preSolution
		HideSolutionNode = FALSE
	EndGlobalSection
	GlobalSection(ExtensibilityGlobals) = postSolution
		SolutionGuid = {DDDFCF6C-8F2C-42B6-BE7F-0CF8BC9AB5B8}
	EndGlobalSection
EndGlobal
